
Microsoft Visual Studio Solution File, Format Version 12.00
# Visual Studio Version 17
VisualStudioVersion = 17.14.36310.24 d17.14
MinimumVisualStudioVersion = 10.0.40219.1
Project("{FAE04EC0-301F-11D3-BF4B-00C04F79EFBC}") = "Ffu.Master", "Ffu.Master\Ffu.Master.csproj", "{BF595BEA-703A-4416-90C0-4132CF9A3A0C}"
EndProject
Project("{FAE04EC0-301F-11D3-BF4B-00C04F79EFBC}") = "Ffu.Slave", "Ffu.Slave\Ffu.Slave.csproj", "{C5629103-AC7B-4DFF-A8E9-945698BCD145}"
EndProject
Global
	GlobalSection(SolutionConfigurationPlatforms) = preSolution
		Debug|Any CPU = Debug|Any CPU
		Release|Any CPU = Release|Any CPU
	EndGlobalSection
	GlobalSection(ProjectConfigurationPlatforms) = postSolution
		{BF595BEA-703A-4416-90C0-4132CF9A3A0C}.Debug|Any CPU.ActiveCfg = Debug|Any CPU
		{BF595BEA-703A-4416-90C0-4132CF9A3A0C}.Debug|Any CPU.Build.0 = Debug|Any CPU
		{BF595BEA-703A-4416-90C0-4132CF9A3A0C}.Release|Any CPU.ActiveCfg = Release|Any CPU
		{BF595BEA-703A-4416-90C0-4132CF9A3A0C}.Release|Any CPU.Build.0 = Release|Any CPU
		{C5629103-AC7B-4DFF-A8E9-945698BCD145}.Debug|Any CPU.ActiveCfg = Debug|Any CPU
		{C5629103-AC7B-4DFF-A8E9-945698BCD145}.Debug|Any CPU.Build.0 = Debug|Any CPU
		{C5629103-AC7B-4DFF-A8E9-945698BCD145}.Release|Any CPU.ActiveCfg = Release|Any CPU
		{C5629103-AC7B-4DFF-A8E9-945698BCD145}.Release|Any CPU.Build.0 = Release|Any CPU
	EndGlobalSection
	GlobalSection(SolutionProperties) = preSolution
		HideSolutionNode = FALSE
	EndGlobalSection
	GlobalSection(ExtensibilityGlobals) = postSolution
		SolutionGuid = {C9C55B57-879C-481B-BA3C-923AE8FBDA97}
	EndGlobalSection
EndGlobal
